
Microsoft Visual Studio Solution File, Format Version 12.00
# Visual Studio Version 16
VisualStudioVersion = 16.0.31424.327
MinimumVisualStudioVersion = 10.0.40219.1
Project("{FAE04EC0-301F-11D3-BF4B-00C04F79EFBC}") = "Jupiter", "Jupiter\Jupiter.csproj", "{65A3DEC4-B414-4C27-886B-45CBE376023D}"
EndProject
Global
	GlobalSection(SolutionConfigurationPlatforms) = preSolution
		Debug|Any CPU = Debug|Any CPU
		Release|Any CPU = Release|Any CPU
	EndGlobalSection
	GlobalSection(ProjectConfigurationPlatforms) = postSolution
		{65A3DEC4-B414-4C27-886B-45CBE376023D}.Debug|Any CPU.ActiveCfg = Debug|Any CPU
		{65A3DEC4-B414-4C27-886B-45CBE376023D}.Debug|Any CPU.Build.0 = Debug|Any CPU
		{65A3DEC4-B414-4C27-886B-45CBE376023D}.Release|Any CPU.ActiveCfg = Release|Any CPU
		{65A3DEC4-B414-4C27-886B-45CBE376023D}.Release|Any CPU.Build.0 = Release|Any CPU
	EndGlobalSection
	GlobalSection(SolutionProperties) = preSolution
		HideSolutionNode = FALSE
	EndGlobalSection
	GlobalSection(ExtensibilityGlobals) = postSolution
		SolutionGuid = {64C208E0-18BB-404A-B4CE-F6B0B28231AA}
	EndGlobalSection
EndGlobal
